
Microsoft Visual Studio Solution File, Format Version 12.00
# Visual Studio Version 16
VisualStudioVersion = 16.0.31313.79
MinimumVisualStudioVersion = 10.0.40219.1
Project("{9A19103F-16F7-4668-BE54-9A1E7A4F7556}") = "Streamish", "Streamish\Streamish.csproj", "{59131678-4549-4552-A002-A6F66463B3A4}"
EndProject
Project("{FAE04EC0-301F-11D3-BF4B-00C04F79EFBC}") = "Streamish.Tests", "Streamish.Tests\Streamish.Tests.csproj", "{6EE85884-0CA0-4F75-8C98-84220FEF0738}"
EndProject
Global
	GlobalSection(SolutionConfigurationPlatforms) = preSolution
		Debug|Any CPU = Debug|Any CPU
		Release|Any CPU = Release|Any CPU
	EndGlobalSection
	GlobalSection(ProjectConfigurationPlatforms) = postSolution
		{59131678-4549-4552-A002-A6F66463B3A4}.Debug|Any CPU.ActiveCfg = Debug|Any CPU
		{59131678-4549-4552-A002-A6F66463B3A4}.Debug|Any CPU.Build.0 = Debug|Any CPU
		{59131678-4549-4552-A002-A6F66463B3A4}.Release|Any CPU.ActiveCfg = Release|Any CPU
		{59131678-4549-4552-A002-A6F66463B3A4}.Release|Any CPU.Build.0 = Release|Any CPU
		{6EE85884-0CA0-4F75-8C98-84220FEF0738}.Debug|Any CPU.ActiveCfg = Debug|Any CPU
		{6EE85884-0CA0-4F75-8C98-84220FEF0738}.Debug|Any CPU.Build.0 = Debug|Any CPU
		{6EE85884-0CA0-4F75-8C98-84220FEF0738}.Release|Any CPU.ActiveCfg = Release|Any CPU
		{6EE85884-0CA0-4F75-8C98-84220FEF0738}.Release|Any CPU.Build.0 = Release|Any CPU
	EndGlobalSection
	GlobalSection(SolutionProperties) = preSolution
		HideSolutionNode = FALSE
	EndGlobalSection
	GlobalSection(ExtensibilityGlobals) = postSolution
		SolutionGuid = {E637E380-911C-48AC-A23C-7F414F5CA0B8}
	EndGlobalSection
EndGlobal
